{
  "requires": true,
  "lockfileVersion": 1,
  "dependencies": {
    "@maxim_mazurok/gapi.client.drive": {
      "version": "3.0.20201115",
      "resolved": "https://registry.npmjs.org/@maxim_mazurok/gapi.client.drive/-/gapi.client.drive-3.0.20201115.tgz",
      "integrity": "sha512-MFZ92zqsHClVIdSsSrLU9GlkVgw0v4KMVkUqlBtB+j0he+8ev45SVz6DbVAGBkzkB8AjC+i6pD8KR7rT9jx4Sw==",
      "requires": {
        "@types/gapi.client": "*"
      }
    },
    "@types/gapi": {
      "version": "0.0.39",
      "resolved": "https://registry.npmjs.org/@types/gapi/-/gapi-0.0.39.tgz",
      "integrity": "sha512-R1TZeZbvvbIC60DBJMhuOEivQHzOQtzl3uMDOOENTYQTSSDB6oEMpJo8HVPOTWivdUTbyEcB5qQOVr/JCKRlCQ=="
    },
    "@types/gapi.client": {
      "version": "1.0.3",
      "resolved": "https://registry.npmjs.org/@types/gapi.client/-/gapi.client-1.0.3.tgz",
      "integrity": "sha512-XhJ45zhedkqXln75Y0XZAFmHFHNu6zCGe9EyPiu5a20Q7XnsEENR3dnUqbYvp7w9e6vjXW+uKGqb3z/ezZijDg=="
    }
  }
}
